
Microsoft Visual Studio Solution File, Format Version 12.00
# Visual Studio 14
VisualStudioVersion = 14.0.25420.1
MinimumVisualStudioVersion = 10.0.40219.1
Project("{FAE04EC0-301F-11D3-BF4B-00C04F79EFBC}") = "FoolStuff", "FoolStuff\FoolStuff.csproj", "{788E249B-82B1-49D1-BFE6-FC548195F89F}"
EndProject
Project("{FAE04EC0-301F-11D3-BF4B-00C04F79EFBC}") = "EmployeeDataAccess", "EmployeeDataAccess\EmployeeDataAccess.csproj", "{8F02C96C-4C5F-402C-A728-2096DB118A47}"
EndProject
Project("{FAE04EC0-301F-11D3-BF4B-00C04F79EFBC}") = "FoolStuffClient", "FoolStuffClient\FoolStuffClient.csproj", "{D0C2FD16-05F4-48F4-BBDE-A965A03A5FA5}"
EndProject
Global
	GlobalSection(SolutionConfigurationPlatforms) = preSolution
		Debug|Any CPU = Debug|Any CPU
		Release|Any CPU = Release|Any CPU
	EndGlobalSection
	GlobalSection(ProjectConfigurationPlatforms) = postSolution
		{788E249B-82B1-49D1-BFE6-FC548195F89F}.Debug|Any CPU.ActiveCfg = Debug|Any CPU
		{788E249B-82B1-49D1-BFE6-FC548195F89F}.Debug|Any CPU.Build.0 = Debug|Any CPU
		{788E249B-82B1-49D1-BFE6-FC548195F89F}.Release|Any CPU.ActiveCfg = Release|Any CPU
		{788E249B-82B1-49D1-BFE6-FC548195F89F}.Release|Any CPU.Build.0 = Release|Any CPU
		{8F02C96C-4C5F-402C-A728-2096DB118A47}.Debug|Any CPU.ActiveCfg = Debug|Any CPU
		{8F02C96C-4C5F-402C-A728-2096DB118A47}.Debug|Any CPU.Build.0 = Debug|Any CPU
		{8F02C96C-4C5F-402C-A728-2096DB118A47}.Release|Any CPU.ActiveCfg = Release|Any CPU
		{8F02C96C-4C5F-402C-A728-2096DB118A47}.Release|Any CPU.Build.0 = Release|Any CPU
		{D0C2FD16-05F4-48F4-BBDE-A965A03A5FA5}.Debug|Any CPU.ActiveCfg = Debug|Any CPU
		{D0C2FD16-05F4-48F4-BBDE-A965A03A5FA5}.Debug|Any CPU.Build.0 = Debug|Any CPU
		{D0C2FD16-05F4-48F4-BBDE-A965A03A5FA5}.Release|Any CPU.ActiveCfg = Release|Any CPU
		{D0C2FD16-05F4-48F4-BBDE-A965A03A5FA5}.Release|Any CPU.Build.0 = Release|Any CPU
	EndGlobalSection
	GlobalSection(SolutionProperties) = preSolution
		HideSolutionNode = FALSE
	EndGlobalSection
EndGlobal
